
Microsoft Visual Studio Solution File, Format Version 12.00
# Visual Studio 2012
VisualStudioVersion = 14.0.23107.0
MinimumVisualStudioVersion = 10.0.40219.1
Project("{D954291E-2A0B-460D-934E-DC6B0785DB48}") = "KvKickstart", "KvKickstart\KvKickstart\KvKickstart.shproj", "{F535FA7E-1D7D-469F-8FAD-00D166ACF55C}"
EndProject
Project("{FAE04EC0-301F-11D3-BF4B-00C04F79EFBC}") = "KvKickstart.Droid", "KvKickstart\KvKickstart.Droid\KvKickstart.Droid.csproj", "{38551E09-AB26-4581-8E2E-A8AEADACABF7}"
EndProject
Project("{FAE04EC0-301F-11D3-BF4B-00C04F79EFBC}") = "KvKickstart.StaticResources", "KvKickstart.StaticResources\KvKickstart.StaticResources.csproj", "{67F9D3A8-F71E-4428-913F-C37AE82CDB24}"
EndProject
Global
	GlobalSection(SolutionConfigurationPlatforms) = preSolution
		Ad-Hoc|Any CPU = Ad-Hoc|Any CPU
		Ad-Hoc|ARM = Ad-Hoc|ARM
		Ad-Hoc|iPhone = Ad-Hoc|iPhone
		Ad-Hoc|iPhoneSimulator = Ad-Hoc|iPhoneSimulator
		Ad-Hoc|x86 = Ad-Hoc|x86
		AppStore|Any CPU = AppStore|Any CPU
		AppStore|ARM = AppStore|ARM
		AppStore|iPhone = AppStore|iPhone
		AppStore|iPhoneSimulator = AppStore|iPhoneSimulator
		AppStore|x86 = AppStore|x86
		Debug|Any CPU = Debug|Any CPU
		Debug|ARM = Debug|ARM
		Debug|iPhone = Debug|iPhone
		Debug|iPhoneSimulator = Debug|iPhoneSimulator
		Debug|x86 = Debug|x86
		Release|Any CPU = Release|Any CPU
		Release|ARM = Release|ARM
		Release|iPhone = Release|iPhone
		Release|iPhoneSimulator = Release|iPhoneSimulator
		Release|x86 = Release|x86
	EndGlobalSection
	GlobalSection(ProjectConfigurationPlatforms) = postSolution
		{38551E09-AB26-4581-8E2E-A8AEADACABF7}.Ad-Hoc|Any CPU.ActiveCfg = Release|Any CPU
		{38551E09-AB26-4581-8E2E-A8AEADACABF7}.Ad-Hoc|Any CPU.Build.0 = Release|Any CPU
		{38551E09-AB26-4581-8E2E-A8AEADACABF7}.Ad-Hoc|Any CPU.Deploy.0 = Release|Any CPU
		{38551E09-AB26-4581-8E2E-A8AEADACABF7}.Ad-Hoc|ARM.ActiveCfg = Release|Any CPU
		{38551E09-AB26-4581-8E2E-A8AEADACABF7}.Ad-Hoc|ARM.Build.0 = Release|Any CPU
		{38551E09-AB26-4581-8E2E-A8AEADACABF7}.Ad-Hoc|ARM.Deploy.0 = Release|Any CPU
		{38551E09-AB26-4581-8E2E-A8AEADACABF7}.Ad-Hoc|iPhone.ActiveCfg = Release|Any CPU
		{38551E09-AB26-4581-8E2E-A8AEADACABF7}.Ad-Hoc|iPhone.Build.0 = Release|Any CPU
		{38551E09-AB26-4581-8E2E-A8AEADACABF7}.Ad-Hoc|iPhone.Deploy.0 = Release|Any CPU
		{38551E09-AB26-4581-8E2E-A8AEADACABF7}.Ad-Hoc|iPhoneSimulator.ActiveCfg = Release|Any CPU
		{38551E09-AB26-4581-8E2E-A8AEADACABF7}.Ad-Hoc|iPhoneSimulator.Build.0 = Release|Any CPU
		{38551E09-AB26-4581-8E2E-A8AEADACABF7}.Ad-Hoc|iPhoneSimulator.Deploy.0 = Release|Any CPU
		{38551E09-AB26-4581-8E2E-A8AEADACABF7}.Ad-Hoc|x86.ActiveCfg = Release|Any CPU
		{38551E09-AB26-4581-8E2E-A8AEADACABF7}.Ad-Hoc|x86.Build.0 = Release|Any CPU
		{38551E09-AB26-4581-8E2E-A8AEADACABF7}.Ad-Hoc|x86.Deploy.0 = Release|Any CPU
		{38551E09-AB26-4581-8E2E-A8AEADACABF7}.AppStore|Any CPU.ActiveCfg = Release|Any CPU
		{38551E09-AB26-4581-8E2E-A8AEADACABF7}.AppStore|Any CPU.Build.0 = Release|Any CPU
		{38551E09-AB26-4581-8E2E-A8AEADACABF7}.AppStore|Any CPU.Deploy.0 = Release|Any CPU
		{38551E09-AB26-4581-8E2E-A8AEADACABF7}.AppStore|ARM.ActiveCfg = Release|Any CPU
		{38551E09-AB26-4581-8E2E-A8AEADACABF7}.AppStore|ARM.Build.0 = Release|Any CPU
		{38551E09-AB26-4581-8E2E-A8AEADACABF7}.AppStore|ARM.Deploy.0 = Release|Any CPU
		{38551E09-AB26-4581-8E2E-A8AEADACABF7}.AppStore|iPhone.ActiveCfg = Release|Any CPU
		{38551E09-AB26-4581-8E2E-A8AEADACABF7}.AppStore|iPhone.Build.0 = Release|Any CPU
		{38551E09-AB26-4581-8E2E-A8AEADACABF7}.AppStore|iPhone.Deploy.0 = Release|Any CPU
		{38551E09-AB26-4581-8E2E-A8AEADACABF7}.AppStore|iPhoneSimulator.ActiveCfg = Release|Any CPU
		{38551E09-AB26-4581-8E2E-A8AEADACABF7}.AppStore|iPhoneSimulator.Build.0 = Release|Any CPU
		{38551E09-AB26-4581-8E2E-A8AEADACABF7}.AppStore|iPhoneSimulator.Deploy.0 = Release|Any CPU
		{38551E09-AB26-4581-8E2E-A8AEADACABF7}.AppStore|x86.ActiveCfg = Release|Any CPU
		{38551E09-AB26-4581-8E2E-A8AEADACABF7}.AppStore|x86.Build.0 = Release|Any CPU
		{38551E09-AB26-4581-8E2E-A8AEADACABF7}.AppStore|x86.Deploy.0 = Release|Any CPU
		{38551E09-AB26-4581-8E2E-A8AEADACABF7}.Debug|Any CPU.ActiveCfg = Debug|Any CPU
		{38551E09-AB26-4581-8E2E-A8AEADACABF7}.Debug|Any CPU.Build.0 = Debug|Any CPU
		{38551E09-AB26-4581-8E2E-A8AEADACABF7}.Debug|Any CPU.Deploy.0 = Debug|Any CPU
		{38551E09-AB26-4581-8E2E-A8AEADACABF7}.Debug|ARM.ActiveCfg = Debug|Any CPU
		{38551E09-AB26-4581-8E2E-A8AEADACABF7}.Debug|ARM.Build.0 = Debug|Any CPU
		{38551E09-AB26-4581-8E2E-A8AEADACABF7}.Debug|ARM.Deploy.0 = Debug|Any CPU
		{38551E09-AB26-4581-8E2E-A8AEADACABF7}.Debug|iPhone.ActiveCfg = Debug|Any CPU
		{38551E09-AB26-4581-8E2E-A8AEADACABF7}.Debug|iPhone.Build.0 = Debug|Any CPU
		{38551E09-AB26-4581-8E2E-A8AEADACABF7}.Debug|iPhone.Deploy.0 = Debug|Any CPU
		{38551E09-AB26-4581-8E2E-A8AEADACABF7}.Debug|iPhoneSimulator.ActiveCfg = Debug|Any CPU
		{38551E09-AB26-4581-8E2E-A8AEADACABF7}.Debug|iPhoneSimulator.Build.0 = Debug|Any CPU
		{38551E09-AB26-4581-8E2E-A8AEADACABF7}.Debug|iPhoneSimulator.Deploy.0 = Debug|Any CPU
		{38551E09-AB26-4581-8E2E-A8AEADACABF7}.Debug|x86.ActiveCfg = Debug|Any CPU
		{38551E09-AB26-4581-8E2E-A8AEADACABF7}.Debug|x86.Build.0 = Debug|Any CPU
		{38551E09-AB26-4581-8E2E-A8AEADACABF7}.Debug|x86.Deploy.0 = Debug|Any CPU
		{38551E09-AB26-4581-8E2E-A8AEADACABF7}.Release|Any CPU.ActiveCfg = Release|Any CPU
		{38551E09-AB26-4581-8E2E-A8AEADACABF7}.Release|Any CPU.Build.0 = Release|Any CPU
		{38551E09-AB26-4581-8E2E-A8AEADACABF7}.Release|Any CPU.Deploy.0 = Release|Any CPU
		{38551E09-AB26-4581-8E2E-A8AEADACABF7}.Release|ARM.ActiveCfg = Release|Any CPU
		{38551E09-AB26-4581-8E2E-A8AEADACABF7}.Release|ARM.Build.0 = Release|Any CPU
		{38551E09-AB26-4581-8E2E-A8AEADACABF7}.Release|ARM.Deploy.0 = Release|Any CPU
		{38551E09-AB26-4581-8E2E-A8AEADACABF7}.Release|iPhone.ActiveCfg = Release|Any CPU
		{38551E09-AB26-4581-8E2E-A8AEADACABF7}.Release|iPhone.Build.0 = Release|Any CPU
		{38551E09-AB26-4581-8E2E-A8AEADACABF7}.Release|iPhone.Deploy.0 = Release|Any CPU
		{38551E09-AB26-4581-8E2E-A8AEADACABF7}.Release|iPhoneSimulator.ActiveCfg = Release|Any CPU
		{38551E09-AB26-4581-8E2E-A8AEADACABF7}.Release|iPhoneSimulator.Build.0 = Release|Any CPU
		{38551E09-AB26-4581-8E2E-A8AEADACABF7}.Release|iPhoneSimulator.Deploy.0 = Release|Any CPU
		{38551E09-AB26-4581-8E2E-A8AEADACABF7}.Release|x86.ActiveCfg = Release|Any CPU
		{38551E09-AB26-4581-8E2E-A8AEADACABF7}.Release|x86.Build.0 = Release|Any CPU
		{38551E09-AB26-4581-8E2E-A8AEADACABF7}.Release|x86.Deploy.0 = Release|Any CPU
		{67F9D3A8-F71E-4428-913F-C37AE82CDB24}.Ad-Hoc|Any CPU.ActiveCfg = Release|Any CPU
		{67F9D3A8-F71E-4428-913F-C37AE82CDB24}.Ad-Hoc|Any CPU.Build.0 = Release|Any CPU
		{67F9D3A8-F71E-4428-913F-C37AE82CDB24}.Ad-Hoc|ARM.ActiveCfg = Release|Any CPU
		{67F9D3A8-F71E-4428-913F-C37AE82CDB24}.Ad-Hoc|ARM.Build.0 = Release|Any CPU
		{67F9D3A8-F71E-4428-913F-C37AE82CDB24}.Ad-Hoc|iPhone.ActiveCfg = Release|Any CPU
		{67F9D3A8-F71E-4428-913F-C37AE82CDB24}.Ad-Hoc|iPhone.Build.0 = Release|Any CPU
		{67F9D3A8-F71E-4428-913F-C37AE82CDB24}.Ad-Hoc|iPhoneSimulator.ActiveCfg = Release|Any CPU
		{67F9D3A8-F71E-4428-913F-C37AE82CDB24}.Ad-Hoc|iPhoneSimulator.Build.0 = Release|Any CPU
		{67F9D3A8-F71E-4428-913F-C37AE82CDB24}.Ad-Hoc|x86.ActiveCfg = Release|Any CPU
		{67F9D3A8-F71E-4428-913F-C37AE82CDB24}.Ad-Hoc|x86.Build.0 = Release|Any CPU
		{67F9D3A8-F71E-4428-913F-C37AE82CDB24}.AppStore|Any CPU.ActiveCfg = Release|Any CPU
		{67F9D3A8-F71E-4428-913F-C37AE82CDB24}.AppStore|Any CPU.Build.0 = Release|Any CPU
		{67F9D3A8-F71E-4428-913F-C37AE82CDB24}.AppStore|ARM.ActiveCfg = Release|Any CPU
		{67F9D3A8-F71E-4428-913F-C37AE82CDB24}.AppStore|ARM.Build.0 = Release|Any CPU
		{67F9D3A8-F71E-4428-913F-C37AE82CDB24}.AppStore|iPhone.ActiveCfg = Release|Any CPU
		{67F9D3A8-F71E-4428-913F-C37AE82CDB24}.AppStore|iPhone.Build.0 = Release|Any CPU
		{67F9D3A8-F71E-4428-913F-C37AE82CDB24}.AppStore|iPhoneSimulator.ActiveCfg = Release|Any CPU
		{67F9D3A8-F71E-4428-913F-C37AE82CDB24}.AppStore|iPhoneSimulator.Build.0 = Release|Any CPU
		{67F9D3A8-F71E-4428-913F-C37AE82CDB24}.AppStore|x86.ActiveCfg = Release|Any CPU
		{67F9D3A8-F71E-4428-913F-C37AE82CDB24}.AppStore|x86.Build.0 = Release|Any CPU
		{67F9D3A8-F71E-4428-913F-C37AE82CDB24}.Debug|Any CPU.ActiveCfg = Debug|Any CPU
		{67F9D3A8-F71E-4428-913F-C37AE82CDB24}.Debug|Any CPU.Build.0 = Debug|Any CPU
		{67F9D3A8-F71E-4428-913F-C37AE82CDB24}.Debug|ARM.ActiveCfg = Debug|Any CPU
		{67F9D3A8-F71E-4428-913F-C37AE82CDB24}.Debug|ARM.Build.0 = Debug|Any CPU
		{67F9D3A8-F71E-4428-913F-C37AE82CDB24}.Debug|iPhone.ActiveCfg = Debug|Any CPU
		{67F9D3A8-F71E-4428-913F-C37AE82CDB24}.Debug|iPhone.Build.0 = Debug|Any CPU
		{67F9D3A8-F71E-4428-913F-C37AE82CDB24}.Debug|iPhoneSimulator.ActiveCfg = Debug|Any CPU
		{67F9D3A8-F71E-4428-913F-C37AE82CDB24}.Debug|iPhoneSimulator.Build.0 = Debug|Any CPU
		{67F9D3A8-F71E-4428-913F-C37AE82CDB24}.Debug|x86.ActiveCfg = Debug|Any CPU
		{67F9D3A8-F71E-4428-913F-C37AE82CDB24}.Debug|x86.Build.0 = Debug|Any CPU
		{67F9D3A8-F71E-4428-913F-C37AE82CDB24}.Release|Any CPU.ActiveCfg = Release|Any CPU
		{67F9D3A8-F71E-4428-913F-C37AE82CDB24}.Release|Any CPU.Build.0 = Release|Any CPU
		{67F9D3A8-F71E-4428-913F-C37AE82CDB24}.Release|ARM.ActiveCfg = Release|Any CPU
		{67F9D3A8-F71E-4428-913F-C37AE82CDB24}.Release|ARM.Build.0 = Release|Any CPU
		{67F9D3A8-F71E-4428-913F-C37AE82CDB24}.Release|iPhone.ActiveCfg = Release|Any CPU
		{67F9D3A8-F71E-4428-913F-C37AE82CDB24}.Release|iPhone.Build.0 = Release|Any CPU
		{67F9D3A8-F71E-4428-913F-C37AE82CDB24}.Release|iPhoneSimulator.ActiveCfg = Release|Any CPU
		{67F9D3A8-F71E-4428-913F-C37AE82CDB24}.Release|iPhoneSimulator.Build.0 = Release|Any CPU
		{67F9D3A8-F71E-4428-913F-C37AE82CDB24}.Release|x86.ActiveCfg = Release|Any CPU
		{67F9D3A8-F71E-4428-913F-C37AE82CDB24}.Release|x86.Build.0 = Release|Any CPU
	EndGlobalSection
	GlobalSection(MonoDevelopProperties) = preSolution
		Policies = $0
		$0.DotNetNamingPolicy = $1
		$1.DirectoryNamespaceAssociation = None
		$1.ResourceNamePolicy = FileFormatDefault
		$0.TextStylePolicy = $2
		$2.inheritsSet = null
		$2.scope = text/x-csharp
		$0.CSharpFormattingPolicy = $3
		$3.AfterDelegateDeclarationParameterComma = True
		$3.inheritsSet = Mono
		$3.inheritsScope = text/x-csharp
		$3.scope = text/x-csharp
	EndGlobalSection
	GlobalSection(SharedMSBuildProjectFiles) = preSolution
		KvKickstart\KvKickstart\KvKickstart.projitems*{f535fa7e-1d7d-469f-8fad-00d166acf55c}*SharedItemsImports = 13
		KvKickstart\KvKickstart\KvKickstart.projitems*{fc43f9d9-57cf-4a02-becd-9f6c23bd444e}*SharedItemsImports = 4
		KvKickstart\KvKickstart\KvKickstart.projitems*{38551e09-ab26-4581-8e2e-a8aeadacabf7}*SharedItemsImports = 4
		KvKickstart\KvKickstart\KvKickstart.projitems*{a6327537-1e4c-464b-980f-e2113ccc15ac}*SharedItemsImports = 4
	EndGlobalSection
	GlobalSection(SolutionProperties) = preSolution
		HideSolutionNode = FALSE
	EndGlobalSection
EndGlobal
